
Microsoft Visual Studio Solution File, Format Version 12.00
# Visual Studio 15
VisualStudioVersion = 15.0.27004.2008
MinimumVisualStudioVersion = 10.0.40219.1
Project("{FAE04EC0-301F-11D3-BF4B-00C04F79EFBC}") = "iPool.Android", "iPool\iPool.Android\iPool.Android.csproj", "{70EBAC4B-3567-4176-A6CB-042EA873CACF}"
EndProject
Project("{FAE04EC0-301F-11D3-BF4B-00C04F79EFBC}") = "iPool", "iPool\iPool\iPool.csproj", "{126AB3EF-0F1D-49FD-B12F-DB54E17E31D8}"
EndProject
Project("{FAE04EC0-301F-11D3-BF4B-00C04F79EFBC}") = "iPool.UWP", "iPool\iPool.UWP\iPool.UWP.csproj", "{84568167-6B56-4C31-8C8F-ABCF18ACD1E7}"
EndProject
Project("{FAE04EC0-301F-11D3-BF4B-00C04F79EFBC}") = "iPool.iOS", "iPool\iPool.iOS\iPool.iOS.csproj", "{E5A0C76A-15CF-4DB9-9A13-BFEA10C1F986}"
EndProject
Global
	GlobalSection(SolutionConfigurationPlatforms) = preSolution
		Ad-Hoc|Any CPU = Ad-Hoc|Any CPU
		Ad-Hoc|ARM = Ad-Hoc|ARM
		Ad-Hoc|iPhone = Ad-Hoc|iPhone
		Ad-Hoc|iPhoneSimulator = Ad-Hoc|iPhoneSimulator
		Ad-Hoc|x64 = Ad-Hoc|x64
		Ad-Hoc|x86 = Ad-Hoc|x86
		AppStore|Any CPU = AppStore|Any CPU
		AppStore|ARM = AppStore|ARM
		AppStore|iPhone = AppStore|iPhone
		AppStore|iPhoneSimulator = AppStore|iPhoneSimulator
		AppStore|x64 = AppStore|x64
		AppStore|x86 = AppStore|x86
		Debug|Any CPU = Debug|Any CPU
		Debug|ARM = Debug|ARM
		Debug|iPhone = Debug|iPhone
		Debug|iPhoneSimulator = Debug|iPhoneSimulator
		Debug|x64 = Debug|x64
		Debug|x86 = Debug|x86
		Release|Any CPU = Release|Any CPU
		Release|ARM = Release|ARM
		Release|iPhone = Release|iPhone
		Release|iPhoneSimulator = Release|iPhoneSimulator
		Release|x64 = Release|x64
		Release|x86 = Release|x86
	EndGlobalSection
	GlobalSection(ProjectConfigurationPlatforms) = postSolution
		{70EBAC4B-3567-4176-A6CB-042EA873CACF}.Ad-Hoc|Any CPU.ActiveCfg = Release|Any CPU
		{70EBAC4B-3567-4176-A6CB-042EA873CACF}.Ad-Hoc|Any CPU.Build.0 = Release|Any CPU
		{70EBAC4B-3567-4176-A6CB-042EA873CACF}.Ad-Hoc|Any CPU.Deploy.0 = Release|Any CPU
		{70EBAC4B-3567-4176-A6CB-042EA873CACF}.Ad-Hoc|ARM.ActiveCfg = Release|Any CPU
		{70EBAC4B-3567-4176-A6CB-042EA873CACF}.Ad-Hoc|ARM.Build.0 = Release|Any CPU
		{70EBAC4B-3567-4176-A6CB-042EA873CACF}.Ad-Hoc|ARM.Deploy.0 = Release|Any CPU
		{70EBAC4B-3567-4176-A6CB-042EA873CACF}.Ad-Hoc|iPhone.ActiveCfg = Release|Any CPU
		{70EBAC4B-3567-4176-A6CB-042EA873CACF}.Ad-Hoc|iPhone.Build.0 = Release|Any CPU
		{70EBAC4B-3567-4176-A6CB-042EA873CACF}.Ad-Hoc|iPhone.Deploy.0 = Release|Any CPU
		{70EBAC4B-3567-4176-A6CB-042EA873CACF}.Ad-Hoc|iPhoneSimulator.ActiveCfg = Release|Any CPU
		{70EBAC4B-3567-4176-A6CB-042EA873CACF}.Ad-Hoc|iPhoneSimulator.Build.0 = Release|Any CPU
		{70EBAC4B-3567-4176-A6CB-042EA873CACF}.Ad-Hoc|iPhoneSimulator.Deploy.0 = Release|Any CPU
		{70EBAC4B-3567-4176-A6CB-042EA873CACF}.Ad-Hoc|x64.ActiveCfg = Release|Any CPU
		{70EBAC4B-3567-4176-A6CB-042EA873CACF}.Ad-Hoc|x64.Build.0 = Release|Any CPU
		{70EBAC4B-3567-4176-A6CB-042EA873CACF}.Ad-Hoc|x64.Deploy.0 = Release|Any CPU
		{70EBAC4B-3567-4176-A6CB-042EA873CACF}.Ad-Hoc|x86.ActiveCfg = Release|Any CPU
		{70EBAC4B-3567-4176-A6CB-042EA873CACF}.Ad-Hoc|x86.Build.0 = Release|Any CPU
		{70EBAC4B-3567-4176-A6CB-042EA873CACF}.Ad-Hoc|x86.Deploy.0 = Release|Any CPU
		{70EBAC4B-3567-4176-A6CB-042EA873CACF}.AppStore|Any CPU.ActiveCfg = Release|Any CPU
		{70EBAC4B-3567-4176-A6CB-042EA873CACF}.AppStore|Any CPU.Build.0 = Release|Any CPU
		{70EBAC4B-3567-4176-A6CB-042EA873CACF}.AppStore|Any CPU.Deploy.0 = Release|Any CPU
		{70EBAC4B-3567-4176-A6CB-042EA873CACF}.AppStore|ARM.ActiveCfg = Release|Any CPU
		{70EBAC4B-3567-4176-A6CB-042EA873CACF}.AppStore|ARM.Build.0 = Release|Any CPU
		{70EBAC4B-3567-4176-A6CB-042EA873CACF}.AppStore|ARM.Deploy.0 = Release|Any CPU
		{70EBAC4B-3567-4176-A6CB-042EA873CACF}.AppStore|iPhone.ActiveCfg = Release|Any CPU
		{70EBAC4B-3567-4176-A6CB-042EA873CACF}.AppStore|iPhone.Build.0 = Release|Any CPU
		{70EBAC4B-3567-4176-A6CB-042EA873CACF}.AppStore|iPhone.Deploy.0 = Release|Any CPU
		{70EBAC4B-3567-4176-A6CB-042EA873CACF}.AppStore|iPhoneSimulator.ActiveCfg = Release|Any CPU
		{70EBAC4B-3567-4176-A6CB-042EA873CACF}.AppStore|iPhoneSimulator.Build.0 = Release|Any CPU
		{70EBAC4B-3567-4176-A6CB-042EA873CACF}.AppStore|iPhoneSimulator.Deploy.0 = Release|Any CPU
		{70EBAC4B-3567-4176-A6CB-042EA873CACF}.AppStore|x64.ActiveCfg = Release|Any CPU
		{70EBAC4B-3567-4176-A6CB-042EA873CACF}.AppStore|x64.Build.0 = Release|Any CPU
		{70EBAC4B-3567-4176-A6CB-042EA873CACF}.AppStore|x64.Deploy.0 = Release|Any CPU
		{70EBAC4B-3567-4176-A6CB-042EA873CACF}.AppStore|x86.ActiveCfg = Release|Any CPU
		{70EBAC4B-3567-4176-A6CB-042EA873CACF}.AppStore|x86.Build.0 = Release|Any CPU
		{70EBAC4B-3567-4176-A6CB-042EA873CACF}.AppStore|x86.Deploy.0 = Release|Any CPU
		{70EBAC4B-3567-4176-A6CB-042EA873CACF}.Debug|Any CPU.ActiveCfg = Debug|Any CPU
		{70EBAC4B-3567-4176-A6CB-042EA873CACF}.Debug|Any CPU.Build.0 = Debug|Any CPU
		{70EBAC4B-3567-4176-A6CB-042EA873CACF}.Debug|Any CPU.Deploy.0 = Debug|Any CPU
		{70EBAC4B-3567-4176-A6CB-042EA873CACF}.Debug|ARM.ActiveCfg = Debug|Any CPU
		{70EBAC4B-3567-4176-A6CB-042EA873CACF}.Debug|ARM.Build.0 = Debug|Any CPU
		{70EBAC4B-3567-4176-A6CB-042EA873CACF}.Debug|ARM.Deploy.0 = Debug|Any CPU
		{70EBAC4B-3567-4176-A6CB-042EA873CACF}.Debug|iPhone.ActiveCfg = Debug|Any CPU
		{70EBAC4B-3567-4176-A6CB-042EA873CACF}.Debug|iPhone.Build.0 = Debug|Any CPU
		{70EBAC4B-3567-4176-A6CB-042EA873CACF}.Debug|iPhone.Deploy.0 = Debug|Any CPU
		{70EBAC4B-3567-4176-A6CB-042EA873CACF}.Debug|iPhoneSimulator.ActiveCfg = Debug|Any CPU
		{70EBAC4B-3567-4176-A6CB-042EA873CACF}.Debug|iPhoneSimulator.Build.0 = Debug|Any CPU
		{70EBAC4B-3567-4176-A6CB-042EA873CACF}.Debug|iPhoneSimulator.Deploy.0 = Debug|Any CPU
		{70EBAC4B-3567-4176-A6CB-042EA873CACF}.Debug|x64.ActiveCfg = Debug|Any CPU
		{70EBAC4B-3567-4176-A6CB-042EA873CACF}.Debug|x64.Build.0 = Debug|Any CPU
		{70EBAC4B-3567-4176-A6CB-042EA873CACF}.Debug|x64.Deploy.0 = Debug|Any CPU
		{70EBAC4B-3567-4176-A6CB-042EA873CACF}.Debug|x86.ActiveCfg = Debug|Any CPU
		{70EBAC4B-3567-4176-A6CB-042EA873CACF}.Debug|x86.Build.0 = Debug|Any CPU
		{70EBAC4B-3567-4176-A6CB-042EA873CACF}.Debug|x86.Deploy.0 = Debug|Any CPU
		{70EBAC4B-3567-4176-A6CB-042EA873CACF}.Release|Any CPU.ActiveCfg = Release|Any CPU
		{70EBAC4B-3567-4176-A6CB-042EA873CACF}.Release|Any CPU.Build.0 = Release|Any CPU
		{70EBAC4B-3567-4176-A6CB-042EA873CACF}.Release|Any CPU.Deploy.0 = Release|Any CPU
		{70EBAC4B-3567-4176-A6CB-042EA873CACF}.Release|ARM.ActiveCfg = Release|Any CPU
		{70EBAC4B-3567-4176-A6CB-042EA873CACF}.Release|ARM.Build.0 = Release|Any CPU
		{70EBAC4B-3567-4176-A6CB-042EA873CACF}.Release|ARM.Deploy.0 = Release|Any CPU
		{70EBAC4B-3567-4176-A6CB-042EA873CACF}.Release|iPhone.ActiveCfg = Release|Any CPU
		{70EBAC4B-3567-4176-A6CB-042EA873CACF}.Release|iPhone.Build.0 = Release|Any CPU
		{70EBAC4B-3567-4176-A6CB-042EA873CACF}.Release|iPhone.Deploy.0 = Release|Any CPU
		{70EBAC4B-3567-4176-A6CB-042EA873CACF}.Release|iPhoneSimulator.ActiveCfg = Release|Any CPU
		{70EBAC4B-3567-4176-A6CB-042EA873CACF}.Release|iPhoneSimulator.Build.0 = Release|Any CPU
		{70EBAC4B-3567-4176-A6CB-042EA873CACF}.Release|iPhoneSimulator.Deploy.0 = Release|Any CPU
		{70EBAC4B-3567-4176-A6CB-042EA873CACF}.Release|x64.ActiveCfg = Release|Any CPU
		{70EBAC4B-3567-4176-A6CB-042EA873CACF}.Release|x64.Build.0 = Release|Any CPU
		{70EBAC4B-3567-4176-A6CB-042EA873CACF}.Release|x64.Deploy.0 = Release|Any CPU
		{70EBAC4B-3567-4176-A6CB-042EA873CACF}.Release|x86.ActiveCfg = Release|Any CPU
		{70EBAC4B-3567-4176-A6CB-042EA873CACF}.Release|x86.Build.0 = Release|Any CPU
		{70EBAC4B-3567-4176-A6CB-042EA873CACF}.Release|x86.Deploy.0 = Release|Any CPU
		{126AB3EF-0F1D-49FD-B12F-DB54E17E31D8}.Ad-Hoc|Any CPU.ActiveCfg = Release|Any CPU
		{126AB3EF-0F1D-49FD-B12F-DB54E17E31D8}.Ad-Hoc|Any CPU.Build.0 = Release|Any CPU
		{126AB3EF-0F1D-49FD-B12F-DB54E17E31D8}.Ad-Hoc|ARM.ActiveCfg = Release|Any CPU
		{126AB3EF-0F1D-49FD-B12F-DB54E17E31D8}.Ad-Hoc|ARM.Build.0 = Release|Any CPU
		{126AB3EF-0F1D-49FD-B12F-DB54E17E31D8}.Ad-Hoc|iPhone.ActiveCfg = Release|Any CPU
		{126AB3EF-0F1D-49FD-B12F-DB54E17E31D8}.Ad-Hoc|iPhone.Build.0 = Release|Any CPU
		{126AB3EF-0F1D-49FD-B12F-DB54E17E31D8}.Ad-Hoc|iPhoneSimulator.ActiveCfg = Release|Any CPU
		{126AB3EF-0F1D-49FD-B12F-DB54E17E31D8}.Ad-Hoc|iPhoneSimulator.Build.0 = Release|Any CPU
		{126AB3EF-0F1D-49FD-B12F-DB54E17E31D8}.Ad-Hoc|x64.ActiveCfg = Release|Any CPU
		{126AB3EF-0F1D-49FD-B12F-DB54E17E31D8}.Ad-Hoc|x64.Build.0 = Release|Any CPU
		{126AB3EF-0F1D-49FD-B12F-DB54E17E31D8}.Ad-Hoc|x86.ActiveCfg = Release|Any CPU
		{126AB3EF-0F1D-49FD-B12F-DB54E17E31D8}.Ad-Hoc|x86.Build.0 = Release|Any CPU
		{126AB3EF-0F1D-49FD-B12F-DB54E17E31D8}.AppStore|Any CPU.ActiveCfg = Release|Any CPU
		{126AB3EF-0F1D-49FD-B12F-DB54E17E31D8}.AppStore|Any CPU.Build.0 = Release|Any CPU
		{126AB3EF-0F1D-49FD-B12F-DB54E17E31D8}.AppStore|ARM.ActiveCfg = Release|Any CPU
		{126AB3EF-0F1D-49FD-B12F-DB54E17E31D8}.AppStore|ARM.Build.0 = Release|Any CPU
		{126AB3EF-0F1D-49FD-B12F-DB54E17E31D8}.AppStore|iPhone.ActiveCfg = Release|Any CPU
		{126AB3EF-0F1D-49FD-B12F-DB54E17E31D8}.AppStore|iPhone.Build.0 = Release|Any CPU
		{126AB3EF-0F1D-49FD-B12F-DB54E17E31D8}.AppStore|iPhoneSimulator.ActiveCfg = Release|Any CPU
		{126AB3EF-0F1D-49FD-B12F-DB54E17E31D8}.AppStore|iPhoneSimulator.Build.0 = Release|Any CPU
		{126AB3EF-0F1D-49FD-B12F-DB54E17E31D8}.AppStore|x64.ActiveCfg = Release|Any CPU
		{126AB3EF-0F1D-49FD-B12F-DB54E17E31D8}.AppStore|x64.Build.0 = Release|Any CPU
		{126AB3EF-0F1D-49FD-B12F-DB54E17E31D8}.AppStore|x86.ActiveCfg = Release|Any CPU
		{126AB3EF-0F1D-49FD-B12F-DB54E17E31D8}.AppStore|x86.Build.0 = Release|Any CPU
		{126AB3EF-0F1D-49FD-B12F-DB54E17E31D8}.Debug|Any CPU.ActiveCfg = Debug|Any CPU
		{126AB3EF-0F1D-49FD-B12F-DB54E17E31D8}.Debug|Any CPU.Build.0 = Debug|Any CPU
		{126AB3EF-0F1D-49FD-B12F-DB54E17E31D8}.Debug|ARM.ActiveCfg = Debug|Any CPU
		{126AB3EF-0F1D-49FD-B12F-DB54E17E31D8}.Debug|ARM.Build.0 = Debug|Any CPU
		{126AB3EF-0F1D-49FD-B12F-DB54E17E31D8}.Debug|iPhone.ActiveCfg = Debug|Any CPU
		{126AB3EF-0F1D-49FD-B12F-DB54E17E31D8}.Debug|iPhone.Build.0 = Debug|Any CPU
		{126AB3EF-0F1D-49FD-B12F-DB54E17E31D8}.Debug|iPhoneSimulator.ActiveCfg = Debug|Any CPU
		{126AB3EF-0F1D-49FD-B12F-DB54E17E31D8}.Debug|iPhoneSimulator.Build.0 = Debug|Any CPU
		{126AB3EF-0F1D-49FD-B12F-DB54E17E31D8}.Debug|x64.ActiveCfg = Debug|Any CPU
		{126AB3EF-0F1D-49FD-B12F-DB54E17E31D8}.Debug|x64.Build.0 = Debug|Any CPU
		{126AB3EF-0F1D-49FD-B12F-DB54E17E31D8}.Debug|x86.ActiveCfg = Debug|Any CPU
		{126AB3EF-0F1D-49FD-B12F-DB54E17E31D8}.Debug|x86.Build.0 = Debug|Any CPU
		{126AB3EF-0F1D-49FD-B12F-DB54E17E31D8}.Release|Any CPU.ActiveCfg = Release|Any CPU
		{126AB3EF-0F1D-49FD-B12F-DB54E17E31D8}.Release|Any CPU.Build.0 = Release|Any CPU
		{126AB3EF-0F1D-49FD-B12F-DB54E17E31D8}.Release|ARM.ActiveCfg = Release|Any CPU
		{126AB3EF-0F1D-49FD-B12F-DB54E17E31D8}.Release|ARM.Build.0 = Release|Any CPU
		{126AB3EF-0F1D-49FD-B12F-DB54E17E31D8}.Release|iPhone.ActiveCfg = Release|Any CPU
		{126AB3EF-0F1D-49FD-B12F-DB54E17E31D8}.Release|iPhone.Build.0 = Release|Any CPU
		{126AB3EF-0F1D-49FD-B12F-DB54E17E31D8}.Release|iPhoneSimulator.ActiveCfg = Release|Any CPU
		{126AB3EF-0F1D-49FD-B12F-DB54E17E31D8}.Release|iPhoneSimulator.Build.0 = Release|Any CPU
		{126AB3EF-0F1D-49FD-B12F-DB54E17E31D8}.Release|x64.ActiveCfg = Release|Any CPU
		{126AB3EF-0F1D-49FD-B12F-DB54E17E31D8}.Release|x64.Build.0 = Release|Any CPU
		{126AB3EF-0F1D-49FD-B12F-DB54E17E31D8}.Release|x86.ActiveCfg = Release|Any CPU
		{126AB3EF-0F1D-49FD-B12F-DB54E17E31D8}.Release|x86.Build.0 = Release|Any CPU
		{84568167-6B56-4C31-8C8F-ABCF18ACD1E7}.Ad-Hoc|Any CPU.ActiveCfg = Release|x86
		{84568167-6B56-4C31-8C8F-ABCF18ACD1E7}.Ad-Hoc|Any CPU.Build.0 = Release|x86
		{84568167-6B56-4C31-8C8F-ABCF18ACD1E7}.Ad-Hoc|Any CPU.Deploy.0 = Release|x86
		{84568167-6B56-4C31-8C8F-ABCF18ACD1E7}.Ad-Hoc|ARM.ActiveCfg = Release|ARM
		{84568167-6B56-4C31-8C8F-ABCF18ACD1E7}.Ad-Hoc|ARM.Build.0 = Release|ARM
		{84568167-6B56-4C31-8C8F-ABCF18ACD1E7}.Ad-Hoc|ARM.Deploy.0 = Release|ARM
		{84568167-6B56-4C31-8C8F-ABCF18ACD1E7}.Ad-Hoc|iPhone.ActiveCfg = Release|x86
		{84568167-6B56-4C31-8C8F-ABCF18ACD1E7}.Ad-Hoc|iPhone.Build.0 = Release|x86
		{84568167-6B56-4C31-8C8F-ABCF18ACD1E7}.Ad-Hoc|iPhone.Deploy.0 = Release|x86
		{84568167-6B56-4C31-8C8F-ABCF18ACD1E7}.Ad-Hoc|iPhoneSimulator.ActiveCfg = Release|x86
		{84568167-6B56-4C31-8C8F-ABCF18ACD1E7}.Ad-Hoc|iPhoneSimulator.Build.0 = Release|x86
		{84568167-6B56-4C31-8C8F-ABCF18ACD1E7}.Ad-Hoc|iPhoneSimulator.Deploy.0 = Release|x86
		{84568167-6B56-4C31-8C8F-ABCF18ACD1E7}.Ad-Hoc|x64.ActiveCfg = Release|x64
		{84568167-6B56-4C31-8C8F-ABCF18ACD1E7}.Ad-Hoc|x64.Build.0 = Release|x64
		{84568167-6B56-4C31-8C8F-ABCF18ACD1E7}.Ad-Hoc|x64.Deploy.0 = Release|x64
		{84568167-6B56-4C31-8C8F-ABCF18ACD1E7}.Ad-Hoc|x86.ActiveCfg = Release|x86
		{84568167-6B56-4C31-8C8F-ABCF18ACD1E7}.Ad-Hoc|x86.Build.0 = Release|x86
		{84568167-6B56-4C31-8C8F-ABCF18ACD1E7}.Ad-Hoc|x86.Deploy.0 = Release|x86
		{84568167-6B56-4C31-8C8F-ABCF18ACD1E7}.AppStore|Any CPU.ActiveCfg = Release|x86
		{84568167-6B56-4C31-8C8F-ABCF18ACD1E7}.AppStore|Any CPU.Build.0 = Release|x86
		{84568167-6B56-4C31-8C8F-ABCF18ACD1E7}.AppStore|Any CPU.Deploy.0 = Release|x86
		{84568167-6B56-4C31-8C8F-ABCF18ACD1E7}.AppStore|ARM.ActiveCfg = Release|ARM
		{84568167-6B56-4C31-8C8F-ABCF18ACD1E7}.AppStore|ARM.Build.0 = Release|ARM
		{84568167-6B56-4C31-8C8F-ABCF18ACD1E7}.AppStore|ARM.Deploy.0 = Release|ARM
		{84568167-6B56-4C31-8C8F-ABCF18ACD1E7}.AppStore|iPhone.ActiveCfg = Release|x86
		{84568167-6B56-4C31-8C8F-ABCF18ACD1E7}.AppStore|iPhone.Build.0 = Release|x86
		{84568167-6B56-4C31-8C8F-ABCF18ACD1E7}.AppStore|iPhone.Deploy.0 = Release|x86
		{84568167-6B56-4C31-8C8F-ABCF18ACD1E7}.AppStore|iPhoneSimulator.ActiveCfg = Release|x86
		{84568167-6B56-4C31-8C8F-ABCF18ACD1E7}.AppStore|iPhoneSimulator.Build.0 = Release|x86
		{84568167-6B56-4C31-8C8F-ABCF18ACD1E7}.AppStore|iPhoneSimulator.Deploy.0 = Release|x86
		{84568167-6B56-4C31-8C8F-ABCF18ACD1E7}.AppStore|x64.ActiveCfg = Release|x64
		{84568167-6B56-4C31-8C8F-ABCF18ACD1E7}.AppStore|x64.Build.0 = Release|x64
		{84568167-6B56-4C31-8C8F-ABCF18ACD1E7}.AppStore|x64.Deploy.0 = Release|x64
		{84568167-6B56-4C31-8C8F-ABCF18ACD1E7}.AppStore|x86.ActiveCfg = Release|x86
		{84568167-6B56-4C31-8C8F-ABCF18ACD1E7}.AppStore|x86.Build.0 = Release|x86
		{84568167-6B56-4C31-8C8F-ABCF18ACD1E7}.AppStore|x86.Deploy.0 = Release|x86
		{84568167-6B56-4C31-8C8F-ABCF18ACD1E7}.Debug|Any CPU.ActiveCfg = Debug|x86
		{84568167-6B56-4C31-8C8F-ABCF18ACD1E7}.Debug|ARM.ActiveCfg = Debug|ARM
		{84568167-6B56-4C31-8C8F-ABCF18ACD1E7}.Debug|ARM.Build.0 = Debug|ARM
		{84568167-6B56-4C31-8C8F-ABCF18ACD1E7}.Debug|ARM.Deploy.0 = Debug|ARM
		{84568167-6B56-4C31-8C8F-ABCF18ACD1E7}.Debug|iPhone.ActiveCfg = Debug|x86
		{84568167-6B56-4C31-8C8F-ABCF18ACD1E7}.Debug|iPhoneSimulator.ActiveCfg = Debug|x86
		{84568167-6B56-4C31-8C8F-ABCF18ACD1E7}.Debug|x64.ActiveCfg = Debug|x64
		{84568167-6B56-4C31-8C8F-ABCF18ACD1E7}.Debug|x64.Build.0 = Debug|x64
		{84568167-6B56-4C31-8C8F-ABCF18ACD1E7}.Debug|x64.Deploy.0 = Debug|x64
		{84568167-6B56-4C31-8C8F-ABCF18ACD1E7}.Debug|x86.ActiveCfg = Debug|x86
		{84568167-6B56-4C31-8C8F-ABCF18ACD1E7}.Debug|x86.Build.0 = Debug|x86
		{84568167-6B56-4C31-8C8F-ABCF18ACD1E7}.Debug|x86.Deploy.0 = Debug|x86
		{84568167-6B56-4C31-8C8F-ABCF18ACD1E7}.Release|Any CPU.ActiveCfg = Release|x86
		{84568167-6B56-4C31-8C8F-ABCF18ACD1E7}.Release|ARM.ActiveCfg = Release|ARM
		{84568167-6B56-4C31-8C8F-ABCF18ACD1E7}.Release|ARM.Build.0 = Release|ARM
		{84568167-6B56-4C31-8C8F-ABCF18ACD1E7}.Release|ARM.Deploy.0 = Release|ARM
		{84568167-6B56-4C31-8C8F-ABCF18ACD1E7}.Release|iPhone.ActiveCfg = Release|x86
		{84568167-6B56-4C31-8C8F-ABCF18ACD1E7}.Release|iPhoneSimulator.ActiveCfg = Release|x86
		{84568167-6B56-4C31-8C8F-ABCF18ACD1E7}.Release|x64.ActiveCfg = Release|x64
		{84568167-6B56-4C31-8C8F-ABCF18ACD1E7}.Release|x64.Build.0 = Release|x64
		{84568167-6B56-4C31-8C8F-ABCF18ACD1E7}.Release|x64.Deploy.0 = Release|x64
		{84568167-6B56-4C31-8C8F-ABCF18ACD1E7}.Release|x86.ActiveCfg = Release|x86
		{84568167-6B56-4C31-8C8F-ABCF18ACD1E7}.Release|x86.Build.0 = Release|x86
		{84568167-6B56-4C31-8C8F-ABCF18ACD1E7}.Release|x86.Deploy.0 = Release|x86
		{E5A0C76A-15CF-4DB9-9A13-BFEA10C1F986}.Ad-Hoc|Any CPU.ActiveCfg = Ad-Hoc|iPhoneSimulator
		{E5A0C76A-15CF-4DB9-9A13-BFEA10C1F986}.Ad-Hoc|ARM.ActiveCfg = Ad-Hoc|iPhone
		{E5A0C76A-15CF-4DB9-9A13-BFEA10C1F986}.Ad-Hoc|iPhone.ActiveCfg = Ad-Hoc|iPhone
		{E5A0C76A-15CF-4DB9-9A13-BFEA10C1F986}.Ad-Hoc|iPhone.Build.0 = Ad-Hoc|iPhone
		{E5A0C76A-15CF-4DB9-9A13-BFEA10C1F986}.Ad-Hoc|iPhoneSimulator.ActiveCfg = Ad-Hoc|iPhoneSimulator
		{E5A0C76A-15CF-4DB9-9A13-BFEA10C1F986}.Ad-Hoc|iPhoneSimulator.Build.0 = Ad-Hoc|iPhoneSimulator
		{E5A0C76A-15CF-4DB9-9A13-BFEA10C1F986}.Ad-Hoc|x64.ActiveCfg = Ad-Hoc|iPhone
		{E5A0C76A-15CF-4DB9-9A13-BFEA10C1F986}.Ad-Hoc|x86.ActiveCfg = Ad-Hoc|iPhone
		{E5A0C76A-15CF-4DB9-9A13-BFEA10C1F986}.AppStore|Any CPU.ActiveCfg = AppStore|iPhoneSimulator
		{E5A0C76A-15CF-4DB9-9A13-BFEA10C1F986}.AppStore|ARM.ActiveCfg = AppStore|iPhone
		{E5A0C76A-15CF-4DB9-9A13-BFEA10C1F986}.AppStore|iPhone.ActiveCfg = AppStore|iPhone
		{E5A0C76A-15CF-4DB9-9A13-BFEA10C1F986}.AppStore|iPhone.Build.0 = AppStore|iPhone
		{E5A0C76A-15CF-4DB9-9A13-BFEA10C1F986}.AppStore|iPhoneSimulator.ActiveCfg = AppStore|iPhoneSimulator
		{E5A0C76A-15CF-4DB9-9A13-BFEA10C1F986}.AppStore|iPhoneSimulator.Build.0 = AppStore|iPhoneSimulator
		{E5A0C76A-15CF-4DB9-9A13-BFEA10C1F986}.AppStore|x64.ActiveCfg = AppStore|iPhone
		{E5A0C76A-15CF-4DB9-9A13-BFEA10C1F986}.AppStore|x86.ActiveCfg = AppStore|iPhone
		{E5A0C76A-15CF-4DB9-9A13-BFEA10C1F986}.Debug|Any CPU.ActiveCfg = Debug|iPhoneSimulator
		{E5A0C76A-15CF-4DB9-9A13-BFEA10C1F986}.Debug|ARM.ActiveCfg = Debug|iPhone
		{E5A0C76A-15CF-4DB9-9A13-BFEA10C1F986}.Debug|iPhone.ActiveCfg = Debug|iPhone
		{E5A0C76A-15CF-4DB9-9A13-BFEA10C1F986}.Debug|iPhone.Build.0 = Debug|iPhone
		{E5A0C76A-15CF-4DB9-9A13-BFEA10C1F986}.Debug|iPhoneSimulator.ActiveCfg = Debug|iPhoneSimulator
		{E5A0C76A-15CF-4DB9-9A13-BFEA10C1F986}.Debug|iPhoneSimulator.Build.0 = Debug|iPhoneSimulator
		{E5A0C76A-15CF-4DB9-9A13-BFEA10C1F986}.Debug|x64.ActiveCfg = Debug|iPhone
		{E5A0C76A-15CF-4DB9-9A13-BFEA10C1F986}.Debug|x86.ActiveCfg = Debug|iPhone
		{E5A0C76A-15CF-4DB9-9A13-BFEA10C1F986}.Release|Any CPU.ActiveCfg = Release|iPhoneSimulator
		{E5A0C76A-15CF-4DB9-9A13-BFEA10C1F986}.Release|ARM.ActiveCfg = Release|iPhone
		{E5A0C76A-15CF-4DB9-9A13-BFEA10C1F986}.Release|iPhone.ActiveCfg = Release|iPhone
		{E5A0C76A-15CF-4DB9-9A13-BFEA10C1F986}.Release|iPhone.Build.0 = Release|iPhone
		{E5A0C76A-15CF-4DB9-9A13-BFEA10C1F986}.Release|iPhoneSimulator.ActiveCfg = Release|iPhoneSimulator
		{E5A0C76A-15CF-4DB9-9A13-BFEA10C1F986}.Release|iPhoneSimulator.Build.0 = Release|iPhoneSimulator
		{E5A0C76A-15CF-4DB9-9A13-BFEA10C1F986}.Release|x64.ActiveCfg = Release|iPhone
		{E5A0C76A-15CF-4DB9-9A13-BFEA10C1F986}.Release|x86.ActiveCfg = Release|iPhone
	EndGlobalSection
	GlobalSection(SolutionProperties) = preSolution
		HideSolutionNode = FALSE
	EndGlobalSection
	GlobalSection(ExtensibilityGlobals) = postSolution
		SolutionGuid = {21AAF207-F060-40EC-8DEF-FFEE8EFE5992}
	EndGlobalSection
EndGlobal
